{
  "version": 4,
  "terraform_version": "1.11.2",
  "serial": 25,
  "lineage": "21537f7c-5c92-fb95-ba72-0546009b6bd6",
  "outputs": {
    "dr_kubeconfig": {
      "value": "./kubeconfigs/dr.yaml",
      "type": "string"
    },
    "pr_kubeconfig": {
      "value": "./kubeconfigs/pr.yaml",
      "type": "string"
    }
  },
  "resources": [
    {
      "mode": "managed",
      "type": "google_compute_network",
      "name": "vpc",
      "provider": "provider[\"registry.terraform.io/hashicorp/google\"]",
      "instances": [
        {
          "schema_version": 0,
          "attributes": {
            "auto_create_subnetworks": false,
            "delete_default_routes_on_create": false,
            "description": "",
            "enable_ula_internal_ipv6": false,
            "gateway_ipv4": "",
            "id": "projects/sylvan-presence-469109-i5/global/networks/prdr-vpc",
            "internal_ipv6_range": "",
            "mtu": 0,
            "name": "prdr-vpc",
            "network_firewall_policy_enforcement_order": "AFTER_CLASSIC_FIREWALL",
            "numeric_id": "8110977777987922033",
            "project": "sylvan-presence-469109-i5",
            "routing_mode": "REGIONAL",
            "self_link": "https://www.googleapis.com/compute/v1/projects/sylvan-presence-469109-i5/global/networks/prdr-vpc",
            "timeouts": null
          },
          "sensitive_attributes": [],
          "private": "eyJlMmJmYjczMC1lY2FhLTExZTYtOGY4OC0zNDM2M2JjN2M0YzAiOnsiY3JlYXRlIjoxMjAwMDAwMDAwMDAwLCJkZWxldGUiOjEyMDAwMDAwMDAwMDAsInVwZGF0ZSI6MTIwMDAwMDAwMDAwMH19"
        }
      ]
    },
    {
      "mode": "managed",
      "type": "google_compute_subnetwork",
      "name": "dr",
      "provider": "provider[\"registry.terraform.io/hashicorp/google\"]",
      "instances": [
        {
          "schema_version": 0,
          "attributes": {
            "creation_timestamp": "2025-08-18T06:00:50.704-07:00",
            "description": "",
            "external_ipv6_prefix": "",
            "fingerprint": null,
            "gateway_address": "10.40.0.1",
            "id": "projects/sylvan-presence-469109-i5/regions/us-east1/subnetworks/dr-subnet",
            "internal_ipv6_prefix": "",
            "ip_cidr_range": "10.40.0.0/20",
            "ipv6_access_type": "",
            "ipv6_cidr_range": "",
            "log_config": [],
            "name": "dr-subnet",
            "network": "https://www.googleapis.com/compute/v1/projects/sylvan-presence-469109-i5/global/networks/prdr-vpc",
            "private_ip_google_access": false,
            "private_ipv6_google_access": "DISABLE_GOOGLE_ACCESS",
            "project": "sylvan-presence-469109-i5",
            "purpose": "PRIVATE",
            "region": "us-east1",
            "role": "",
            "secondary_ip_range": [
              {
                "ip_cidr_range": "10.50.0.0/16",
                "range_name": "pods"
              },
              {
                "ip_cidr_range": "10.60.0.0/20",
                "range_name": "services"
              }
            ],
            "self_link": "https://www.googleapis.com/compute/v1/projects/sylvan-presence-469109-i5/regions/us-east1/subnetworks/dr-subnet",
            "send_secondary_ip_range_if_empty": null,
            "stack_type": "IPV4_ONLY",
            "timeouts": null
          },
          "sensitive_attributes": [],
          "private": "eyJlMmJmYjczMC1lY2FhLTExZTYtOGY4OC0zNDM2M2JjN2M0YzAiOnsiY3JlYXRlIjoxMjAwMDAwMDAwMDAwLCJkZWxldGUiOjEyMDAwMDAwMDAwMDAsInVwZGF0ZSI6MTIwMDAwMDAwMDAwMH19",
          "dependencies": [
            "google_compute_network.vpc"
          ]
        }
      ]
    },
    {
      "mode": "managed",
      "type": "google_compute_subnetwork",
      "name": "pr",
      "provider": "provider[\"registry.terraform.io/hashicorp/google\"]",
      "instances": [
        {
          "schema_version": 0,
          "attributes": {
            "creation_timestamp": "2025-08-18T05:03:55.918-07:00",
            "description": "",
            "external_ipv6_prefix": "",
            "fingerprint": null,
            "gateway_address": "10.10.0.1",
            "id": "projects/sylvan-presence-469109-i5/regions/us-central1/subnetworks/pr-subnet",
            "internal_ipv6_prefix": "",
            "ip_cidr_range": "10.10.0.0/20",
            "ipv6_access_type": "",
            "ipv6_cidr_range": "",
            "log_config": [],
            "name": "pr-subnet",
            "network": "https://www.googleapis.com/compute/v1/projects/sylvan-presence-469109-i5/global/networks/prdr-vpc",
            "private_ip_google_access": true,
            "private_ipv6_google_access": "DISABLE_GOOGLE_ACCESS",
            "project": "sylvan-presence-469109-i5",
            "purpose": "PRIVATE",
            "region": "us-central1",
            "role": "",
            "secondary_ip_range": [
              {
                "ip_cidr_range": "10.20.0.0/16",
                "range_name": "pods"
              },
              {
                "ip_cidr_range": "10.30.0.0/20",
                "range_name": "services"
              }
            ],
            "self_link": "https://www.googleapis.com/compute/v1/projects/sylvan-presence-469109-i5/regions/us-central1/subnetworks/pr-subnet",
            "send_secondary_ip_range_if_empty": null,
            "stack_type": "IPV4_ONLY",
            "timeouts": null
          },
          "sensitive_attributes": [],
          "private": "eyJlMmJmYjczMC1lY2FhLTExZTYtOGY4OC0zNDM2M2JjN2M0YzAiOnsiY3JlYXRlIjoxMjAwMDAwMDAwMDAwLCJkZWxldGUiOjEyMDAwMDAwMDAwMDAsInVwZGF0ZSI6MTIwMDAwMDAwMDAwMH19",
          "dependencies": [
            "google_compute_network.vpc"
          ]
        }
      ]
    },
    {
      "mode": "managed",
      "type": "google_container_cluster",
      "name": "dr",
      "provider": "provider[\"registry.terraform.io/hashicorp/google\"].dr",
      "instances": [
        {
          "schema_version": 2,
          "attributes": {
            "addons_config": [
              {
                "cloudrun_config": [],
                "config_connector_config": [],
                "dns_cache_config": [],
                "gce_persistent_disk_csi_driver_config": [
                  {
                    "enabled": true
                  }
                ],
                "gcp_filestore_csi_driver_config": [],
                "gcs_fuse_csi_driver_config": [],
                "gke_backup_agent_config": [],
                "horizontal_pod_autoscaling": [],
                "http_load_balancing": [],
                "network_policy_config": [
                  {
                    "disabled": true
                  }
                ],
                "ray_operator_config": [],
                "stateful_ha_config": []
              }
            ],
            "allow_net_admin": null,
            "authenticator_groups_config": [],
            "binary_authorization": [
              {
                "enabled": false,
                "evaluation_mode": ""
              }
            ],
            "cluster_autoscaling": [
              {
                "auto_provisioning_defaults": [],
                "auto_provisioning_locations": [],
                "autoscaling_profile": "BALANCED",
                "enabled": false,
                "resource_limits": []
              }
            ],
            "cluster_ipv4_cidr": "10.50.0.0/16",
            "confidential_nodes": [],
            "cost_management_config": [],
            "database_encryption": [
              {
                "key_name": "",
                "state": "DECRYPTED"
              }
            ],
            "datapath_provider": "",
            "default_max_pods_per_node": 110,
            "default_snat_status": [
              {
                "disabled": false
              }
            ],
            "deletion_protection": false,
            "description": "",
            "dns_config": [],
            "enable_autopilot": false,
            "enable_cilium_clusterwide_network_policy": false,
            "enable_intranode_visibility": false,
            "enable_k8s_beta_apis": [],
            "enable_kubernetes_alpha": false,
            "enable_l4_ilb_subsetting": false,
            "enable_legacy_abac": false,
            "enable_multi_networking": false,
            "enable_shielded_nodes": true,
            "enable_tpu": false,
            "endpoint": "35.190.137.156",
            "fleet": [],
            "gateway_api_config": [],
            "id": "projects/sylvan-presence-469109-i5/locations/us-east1-b/clusters/dr-cluster",
            "identity_service_config": [],
            "initial_node_count": 1,
            "ip_allocation_policy": [
              {
                "additional_pod_ranges_config": [],
                "cluster_ipv4_cidr_block": "10.50.0.0/16",
                "cluster_secondary_range_name": "pods",
                "pod_cidr_overprovision_config": [
                  {
                    "disabled": false
                  }
                ],
                "services_ipv4_cidr_block": "10.60.0.0/20",
                "services_secondary_range_name": "services",
                "stack_type": "IPV4"
              }
            ],
            "label_fingerprint": "a9dc16a7",
            "location": "us-east1-b",
            "logging_config": [
              {
                "enable_components": [
                  "SYSTEM_COMPONENTS",
                  "WORKLOADS"
                ]
              }
            ],
            "logging_service": "logging.googleapis.com/kubernetes",
            "maintenance_policy": [],
            "master_auth": [
              {
                "client_certificate": "",
                "client_certificate_config": [
                  {
                    "issue_client_certificate": false
                  }
                ],
                "client_key": "",
                "cluster_ca_certificate": "LS0tLS1CRUdJTiBDRVJUSUZJQ0FURS0tLS0tCk1JSUVMVENDQXBXZ0F3SUJBZ0lSQUxwQjdKanVGRUxFUW5ON1JvZUtmZTR3RFFZSktvWklodmNOQVFFTEJRQXcKTHpFdE1Dc0dBMVVFQXhNa04yUTJZakUxTTJFdE1HWTRZaTAwWWpjM0xUazBOMlV0WmpjM01qaGtaV0ppWXpRMQpNQ0FYRFRJMU1EZ3hPREV5TURFeE9Gb1lEekl3TlRVd09ERXhNVE13TVRFNFdqQXZNUzB3S3dZRFZRUURFeVEzClpEWmlNVFV6WVMwd1pqaGlMVFJpTnpjdE9UUTNaUzFtTnpjeU9HUmxZbUpqTkRVd2dnR2lNQTBHQ1NxR1NJYjMKRFFFQkFRVUFBNElCandBd2dnR0tBb0lCZ1FDTDd4Uy9ia202a0lkRkhqVUlJTkE2SEoya3E4KzF3SEhJamRMago5N3BmcDVkQUJOSlBBU29RUWxUbDVjYWM5eVRHR1NsZEwvMmpwZU9Fa21YcHphMVArSk5XWG9NZE1YWEpjTUlkCmMyU0FnL1dDV1dRejl6dTBPZ0x5M0pLNzZnbzVUYzdJbzJZZFF3RXQxMDZpckp6TUNGQjRoY1d3Qi9sQ0p3b20KSmVrcWEvRG1iTWhUUzkySnhoZzJCdXAyalBGT3ZzVXQ5V05LbXdBY3phSGJlNGxab0ZVTlpYcHFzdFJ4UWZiQQpkVU5zakRYN1pMQmNGeFQvcVg2MDc3aUFNMFptTm15c1FycXFHN1hiNXlJR05uOU5BRmY3V2VqNFNZa0NRUUJjCjIycVNMY3hVTnhLdU5sKzBIWEhteTZsOTdhQkVFNFV0a29VZVpaMklyUlRYSzdxZmN2bGhoSkZSSGZ2MTRYSXgKcVIvbWxFTzl0NEhZR0I5ZE5leWJva0NBeGdpMmNwRGxVMUtGK3dEcTljSHVoYVBSK2d4OEdSNU1hcEJ1RmVHRQpRdVZUbTJIeHFyT01qdHdvVURvSUE3VzlyRisyb0kyK1dzUkNqN3JGU1ZFY1FWMk4yZmtBL1B6OXVwOVE5R3lSCmdQRXJXOVVIcnlFRy9XNjVrNENqTlNJZ0lSY0NBd0VBQWFOQ01FQXdEZ1lEVlIwUEFRSC9CQVFEQWdJRU1BOEcKQTFVZEV3RUIvd1FGTUFNQkFmOHdIUVlEVlIwT0JCWUVGSFRVaVg3czBBT3NHdlY2U1BmOEFuUm9MK3hnTUEwRwpDU3FHU0liM0RRRUJDd1VBQTRJQmdRQmtCWU91aVMyV2ZCVjlhQ0JTaGx1aHZUdTBab2h1elhpNEtpV1UxZEtMClpwb2tqd3E1YzQ2UkZIR1I1MERRTFdjNjZycXVJcDlOeE9mT0N4Y3JsQ3J5czZFdTlnVU9hdXg3RHloQndUdXQKc29GdnhLTVBnZUM1ZUVvN0lYTDJXVFRiVkUzVXJBUW45SmdFcDdqT3A4MnFmenBwWkQrV1dHQklYOVVTS3FuTgo3cWc5aVZ2dDZaeXlRamhHVDVlVG0ybDdaSTRDa2l1R0NFbG9sZlBXTHM3ZHhKcElVZ1hjWnJ5U1o1RmtRM3JmCmw5VU1PeWNQYkZMazhzVWpndE4yT0M4QjgvbzJReE96T1lZLzFtZ1VHdmNPd1UxOVh4RXR1ZXl5T3pSQXFRNEoKdXc5NzcxQ2F1UVdDL2FuUHd2NFFBZks0Q3BlQnFSdlhFWTIwSWlNS3ZTeWJmMU1KN2dhVDlmVlFtTUJzMVo0ZwpiQ3RiWnBhTGFHRUZxazJtTUhRZlJxU1ZhS3YzcWh5OGZtaGhKRzgwZFN6cGp4cnFWZm0xek9ONnU3bmp0aERBCm1SRHAzTklSYVlZZHlyWVFzWWxvY2N1d0t5a3pqMUc5aG9PM2Q0a3BpV0VSR25sSXJZcVp1VGpxSG55Vnh2OG4KL3N2TThRL04vWTl4UnVvN2R3TEZTWms9Ci0tLS0tRU5EIENFUlRJRklDQVRFLS0tLS0K"
              }
            ],
            "master_authorized_networks_config": [],
            "master_version": "1.33.2-gke.1240000",
            "mesh_certificates": [],
            "min_master_version": null,
            "monitoring_config": [
              {
                "advanced_datapath_observability_config": [
                  {
                    "enable_metrics": false,
                    "enable_relay": false,
                    "relay_mode": "DISABLED"
                  }
                ],
                "enable_components": [
                  "SYSTEM_COMPONENTS",
                  "POD",
                  "DAEMONSET",
                  "DEPLOYMENT",
                  "STATEFULSET",
                  "JOBSET",
                  "STORAGE",
                  "HPA",
                  "CADVISOR",
                  "KUBELET",
                  "DCGM"
                ],
                "managed_prometheus": [
                  {
                    "enabled": true
                  }
                ]
              }
            ],
            "monitoring_service": "monitoring.googleapis.com/kubernetes",
            "name": "dr-cluster",
            "network": "projects/sylvan-presence-469109-i5/global/networks/prdr-vpc",
            "network_policy": [
              {
                "enabled": false,
                "provider": "PROVIDER_UNSPECIFIED"
              }
            ],
            "networking_mode": "VPC_NATIVE",
            "node_config": [
              {
                "advanced_machine_features": [],
                "boot_disk_kms_key": "",
                "confidential_nodes": [],
                "containerd_config": [],
                "disk_size_gb": 20,
                "disk_type": "pd-standard",
                "effective_taints": [],
                "enable_confidential_storage": false,
                "ephemeral_storage_local_ssd_config": [],
                "fast_socket": [],
                "gcfs_config": [],
                "guest_accelerator": [],
                "gvnic": [],
                "host_maintenance_policy": [],
                "image_type": "COS_CONTAINERD",
                "kubelet_config": [
                  {
                    "cpu_cfs_quota": false,
                    "cpu_cfs_quota_period": "",
                    "cpu_manager_policy": "",
                    "insecure_kubelet_readonly_port_enabled": "FALSE",
                    "pod_pids_limit": 0
                  }
                ],
                "labels": {
                  "site": "dr"
                },
                "linux_node_config": [],
                "local_nvme_ssd_block_config": [],
                "local_ssd_count": 0,
                "logging_variant": "DEFAULT",
                "machine_type": "e2-standard-2",
                "metadata": {
                  "disable-legacy-endpoints": "true"
                },
                "min_cpu_platform": "",
                "node_group": "",
                "oauth_scopes": [
                  "https://www.googleapis.com/auth/cloud-platform"
                ],
                "preemptible": false,
                "reservation_affinity": [],
                "resource_labels": {
                  "goog-gke-node-pool-provisioning-model": "on-demand"
                },
                "resource_manager_tags": null,
                "secondary_boot_disks": [],
                "service_account": "default",
                "shielded_instance_config": [
                  {
                    "enable_integrity_monitoring": true,
                    "enable_secure_boot": false
                  }
                ],
                "sole_tenant_config": [],
                "spot": false,
                "tags": null,
                "taint": [],
                "workload_metadata_config": []
              }
            ],
            "node_locations": [],
            "node_pool": [
              {
                "autoscaling": [],
                "initial_node_count": 1,
                "instance_group_urls": [
                  "https://www.googleapis.com/compute/v1/projects/sylvan-presence-469109-i5/zones/us-east1-b/instanceGroupManagers/gke-dr-cluster-default-pool-61c9d97b-grp"
                ],
                "managed_instance_group_urls": [
                  "https://www.googleapis.com/compute/v1/projects/sylvan-presence-469109-i5/zones/us-east1-b/instanceGroups/gke-dr-cluster-default-pool-61c9d97b-grp"
                ],
                "management": [
                  {
                    "auto_repair": true,
                    "auto_upgrade": true
                  }
                ],
                "max_pods_per_node": 110,
                "name": "default-pool",
                "name_prefix": "",
                "network_config": [
                  {
                    "additional_node_network_configs": [],
                    "additional_pod_network_configs": [],
                    "create_pod_range": false,
                    "enable_private_nodes": false,
                    "network_performance_config": [],
                    "pod_cidr_overprovision_config": [],
                    "pod_ipv4_cidr_block": "10.50.0.0/16",
                    "pod_range": "pods"
                  }
                ],
                "node_config": [
                  {
                    "advanced_machine_features": [],
                    "boot_disk_kms_key": "",
                    "confidential_nodes": [],
                    "containerd_config": [],
                    "disk_size_gb": 20,
                    "disk_type": "pd-standard",
                    "effective_taints": [],
                    "enable_confidential_storage": false,
                    "ephemeral_storage_local_ssd_config": [],
                    "fast_socket": [],
                    "gcfs_config": [],
                    "guest_accelerator": [],
                    "gvnic": [],
                    "host_maintenance_policy": [],
                    "image_type": "COS_CONTAINERD",
                    "kubelet_config": [
                      {
                        "cpu_cfs_quota": false,
                        "cpu_cfs_quota_period": "",
                        "cpu_manager_policy": "",
                        "insecure_kubelet_readonly_port_enabled": "FALSE",
                        "pod_pids_limit": 0
                      }
                    ],
                    "labels": {
                      "site": "dr"
                    },
                    "linux_node_config": [],
                    "local_nvme_ssd_block_config": [],
                    "local_ssd_count": 0,
                    "logging_variant": "DEFAULT",
                    "machine_type": "e2-standard-2",
                    "metadata": {
                      "disable-legacy-endpoints": "true"
                    },
                    "min_cpu_platform": "",
                    "node_group": "",
                    "oauth_scopes": [
                      "https://www.googleapis.com/auth/cloud-platform"
                    ],
                    "preemptible": false,
                    "reservation_affinity": [],
                    "resource_labels": {
                      "goog-gke-node-pool-provisioning-model": "on-demand"
                    },
                    "resource_manager_tags": {},
                    "secondary_boot_disks": [],
                    "service_account": "default",
                    "shielded_instance_config": [
                      {
                        "enable_integrity_monitoring": true,
                        "enable_secure_boot": false
                      }
                    ],
                    "sole_tenant_config": [],
                    "spot": false,
                    "tags": [],
                    "taint": [],
                    "workload_metadata_config": []
                  }
                ],
                "node_count": 1,
                "node_locations": [
                  "us-east1-b"
                ],
                "placement_policy": [],
                "queued_provisioning": [],
                "upgrade_settings": [
                  {
                    "blue_green_settings": [],
                    "max_surge": 1,
                    "max_unavailable": 0,
                    "strategy": "SURGE"
                  }
                ],
                "version": "1.33.2-gke.1240000"
              }
            ],
            "node_pool_auto_config": [
              {
                "network_tags": [],
                "node_kubelet_config": [
                  {
                    "insecure_kubelet_readonly_port_enabled": "FALSE"
                  }
                ],
                "resource_manager_tags": {}
              }
            ],
            "node_pool_defaults": [
              {
                "node_config_defaults": [
                  {
                    "containerd_config": [],
                    "insecure_kubelet_readonly_port_enabled": "FALSE",
                    "logging_variant": "DEFAULT"
                  }
                ]
              }
            ],
            "node_version": "1.33.2-gke.1240000",
            "notification_config": [
              {
                "pubsub": [
                  {
                    "enabled": false,
                    "filter": [],
                    "topic": ""
                  }
                ]
              }
            ],
            "operation": null,
            "private_cluster_config": [
              {
                "enable_private_endpoint": false,
                "enable_private_nodes": false,
                "master_global_access_config": [
                  {
                    "enabled": false
                  }
                ],
                "master_ipv4_cidr_block": "",
                "peering_name": "",
                "private_endpoint": "10.40.0.2",
                "private_endpoint_subnetwork": "",
                "public_endpoint": "35.190.137.156"
              }
            ],
            "private_ipv6_google_access": "",
            "project": "sylvan-presence-469109-i5",
            "release_channel": [
              {
                "channel": "REGULAR"
              }
            ],
            "remove_default_node_pool": false,
            "resource_labels": null,
            "resource_usage_export_config": [],
            "security_posture_config": [
              {
                "mode": "BASIC",
                "vulnerability_mode": "VULNERABILITY_MODE_UNSPECIFIED"
              }
            ],
            "self_link": "https://container.googleapis.com/v1/projects/sylvan-presence-469109-i5/zones/us-east1-b/clusters/dr-cluster",
            "service_external_ips_config": [
              {
                "enabled": false
              }
            ],
            "services_ipv4_cidr": "10.60.0.0/20",
            "subnetwork": "projects/sylvan-presence-469109-i5/regions/us-east1/subnetworks/dr-subnet",
            "timeouts": null,
            "tpu_ipv4_cidr_block": "",
            "vertical_pod_autoscaling": [],
            "workload_identity_config": []
          },
          "sensitive_attributes": [
            [
              {
                "type": "get_attr",
                "value": "master_auth"
              },
              {
                "type": "index",
                "value": {
                  "value": 0,
                  "type": "number"
                }
              },
              {
                "type": "get_attr",
                "value": "client_key"
              }
            ]
          ],
          "private": "eyJlMmJmYjczMC1lY2FhLTExZTYtOGY4OC0zNDM2M2JjN2M0YzAiOnsiY3JlYXRlIjoyNDAwMDAwMDAwMDAwLCJkZWxldGUiOjI0MDAwMDAwMDAwMDAsInJlYWQiOjI0MDAwMDAwMDAwMDAsInVwZGF0ZSI6MzYwMDAwMDAwMDAwMH0sInNjaGVtYV92ZXJzaW9uIjoiMiJ9",
          "dependencies": [
            "google_compute_network.vpc",
            "google_compute_subnetwork.dr",
            "google_project_service.compute",
            "google_project_service.container"
          ]
        }
      ]
    },
    {
      "mode": "managed",
      "type": "google_container_cluster",
      "name": "pr",
      "provider": "provider[\"registry.terraform.io/hashicorp/google\"]",
      "instances": [
        {
          "schema_version": 2,
          "attributes": {
            "addons_config": [
              {
                "cloudrun_config": [],
                "config_connector_config": [],
                "dns_cache_config": [],
                "gce_persistent_disk_csi_driver_config": [
                  {
                    "enabled": true
                  }
                ],
                "gcp_filestore_csi_driver_config": [],
                "gcs_fuse_csi_driver_config": [],
                "gke_backup_agent_config": [],
                "horizontal_pod_autoscaling": [],
                "http_load_balancing": [],
                "network_policy_config": [
                  {
                    "disabled": true
                  }
                ],
                "ray_operator_config": [],
                "stateful_ha_config": []
              }
            ],
            "allow_net_admin": null,
            "authenticator_groups_config": [],
            "binary_authorization": [
              {
                "enabled": false,
                "evaluation_mode": ""
              }
            ],
            "cluster_autoscaling": [
              {
                "auto_provisioning_defaults": [],
                "auto_provisioning_locations": [],
                "autoscaling_profile": "BALANCED",
                "enabled": false,
                "resource_limits": []
              }
            ],
            "cluster_ipv4_cidr": "10.20.0.0/16",
            "confidential_nodes": [],
            "cost_management_config": [],
            "database_encryption": [
              {
                "key_name": "",
                "state": "DECRYPTED"
              }
            ],
            "datapath_provider": "",
            "default_max_pods_per_node": 110,
            "default_snat_status": [
              {
                "disabled": false
              }
            ],
            "deletion_protection": false,
            "description": "",
            "dns_config": [],
            "enable_autopilot": false,
            "enable_cilium_clusterwide_network_policy": false,
            "enable_intranode_visibility": false,
            "enable_k8s_beta_apis": [],
            "enable_kubernetes_alpha": false,
            "enable_l4_ilb_subsetting": false,
            "enable_legacy_abac": false,
            "enable_multi_networking": false,
            "enable_shielded_nodes": true,
            "enable_tpu": false,
            "endpoint": "34.69.25.146",
            "fleet": [],
            "gateway_api_config": [],
            "id": "projects/sylvan-presence-469109-i5/locations/us-central1-a/clusters/pr-cluster",
            "identity_service_config": [],
            "initial_node_count": 1,
            "ip_allocation_policy": [
              {
                "additional_pod_ranges_config": [],
                "cluster_ipv4_cidr_block": "10.20.0.0/16",
                "cluster_secondary_range_name": "pods",
                "pod_cidr_overprovision_config": [
                  {
                    "disabled": false
                  }
                ],
                "services_ipv4_cidr_block": "10.30.0.0/20",
                "services_secondary_range_name": "services",
                "stack_type": "IPV4"
              }
            ],
            "label_fingerprint": "a9dc16a7",
            "location": "us-central1-a",
            "logging_config": [
              {
                "enable_components": [
                  "SYSTEM_COMPONENTS",
                  "WORKLOADS"
                ]
              }
            ],
            "logging_service": "logging.googleapis.com/kubernetes",
            "maintenance_policy": [],
            "master_auth": [
              {
                "client_certificate": "",
                "client_certificate_config": [
                  {
                    "issue_client_certificate": false
                  }
                ],
                "client_key": "",
                "cluster_ca_certificate": "LS0tLS1CRUdJTiBDRVJUSUZJQ0FURS0tLS0tCk1JSUVMRENDQXBTZ0F3SUJBZ0lRWEU4UVR0NFM5MXpvTDJMNS84b1RqakFOQmdrcWhraUc5dzBCQVFzRkFEQXYKTVMwd0t3WURWUVFERXlRMlkyVTFaV1ppWkMwNE5qZG1MVFJrTnpRdFlXTTBNUzFtT0RBMU56WmhNV1EzWlRVdwpJQmNOTWpVd09ERTRNVEV3TnpJNVdoZ1BNakExTlRBNE1URXhNakEzTWpsYU1DOHhMVEFyQmdOVkJBTVRKRFpqClpUVmxabUprTFRnMk4yWXROR1EzTkMxaFl6UXhMV1k0TURVM05tRXhaRGRsTlRDQ0FhSXdEUVlKS29aSWh2Y04KQVFFQkJRQURnZ0dQQURDQ0FZb0NnZ0dCQUxhV3hLU0pJc2pBMWMrbTZSS1NKL0JZaWw3QWxzZ21nOXJub242Ygpyak9GYldlcGV1a1pzVWRsMTRqdEVxVnZlbkcvY1FSSHF0dTZ0OGl6cXRQMTJRa3RpNWJuakJMa29Lem5YemZ1CndJTEtqMFFhelpzM2tmVGl1MVo1YWx3NDhsdmE4d1BjdFlTZnBMSVhLOGpoV2VpRHJ4VzNzOCszRndaZTdJbXUKSHA2clhqZ2hTMVNVY1BxbjZHUk0xZEwyVDlTZVNJRW04TXFwYzRnbnlSRTJ6S1pIYmdKUGdBbDlmRjFpNzU2SAp4RHBpWWJWUzdSV2Q0V2g2YmY2QUZJQ0poMlJMb2dHaUYwN2pQOSt0MTNYcVl0eitWamN0dmt3OHFNOGFINWcwCjBvT05Ua25qT25NVGtJTHdCcFlLNWZkYmM3VEo1RVJDS2RWNURQNlkwUGFqK0dReGlRUEJmZk5sRSs5NUVUV1EKTklRY1dwenBrdWwzQnduNHo4RHJralVYNGdEdVE5djYwNDRLbWtLaWdXb0lZY3pQTFlCUWRVZEViWjlaTXdkYgpiUEJFU1NhTy9tV2pac3BNQlQvVTJQdno2eStNN0ZNaEJLSW9ZUHV6T1pyNUhtOFBmVGMrekFDZHRqV2V2WFJOCm5NRVc5ZVpnVm41WXgxN0xVVGhOMHpvdnd3SURBUUFCbzBJd1FEQU9CZ05WSFE4QkFmOEVCQU1DQWdRd0R3WUQKVlIwVEFRSC9CQVV3QXdFQi96QWRCZ05WSFE0RUZnUVVsRlg4T1plWGNNWkNUOHZYbU1XSy9aMWZOZHN3RFFZSgpLb1pJaHZjTkFRRUxCUUFEZ2dHQkFBMStFeTZiUGhNTSt6bzNINmpGQnkrb1RKZ3diMUo1VTRqcUVmVEROWFhpClFQQ2Y3UTBEcjM2cWo4U2RKTHRLckZ1dFVmV2JhbUpNNHMzV2pYN2Y2cTRZQ0ZxelJnSERpZGU2NkJVNVExcloKSFVhU1YxNTF6ZkU0Rm5Rd2ZqQ21jMnpYK05lWUlhb3J3SVJyMGRNb0VPV1QydTUwc1FaeTBEL1BYRTNpTUdYbQprcmV2eEUwOW9abVBQamU5UHdqaHI1ZlhaNkNqR1hldTJ1d2JselB0WUV4Y09hSHVDVStiMmZrck1HNFM3UURUCjNsVmUwOEg1eW5hdGdkWDNOT3YvaVJEcHdaT3FXNi9DZ1Q4TzI4MnFaOEI4N0V4YXZLNUMzY0J1Y1VWY1JLTzMKdHp6SHZuNXQ2VzRSa2VRVFhSOHFEd3g2TlVac0MrN3hGWjZCaWhyR1czenRUQzYxanVDQll3Z3grWGtoenFJaAptM3hHZUhPcTJGTmJHNkkyTjAxSEZRRk9kRXM5SlZhZ0JXYnhqbTlYRkdrOVUyUW5HYythS0M2RkcvNVh5UlR4CjlDRUUrblJZMGpoOFp2V0U3UDlycU9EV2xtcUlLWWV6V3QyczI0aER4S0FlR3MvdCtnT1JSRnF1Q09NcnVDM0cKWWFrak0vTUI3RE5UMDJ6MzYyMFdhQT09Ci0tLS0tRU5EIENFUlRJRklDQVRFLS0tLS0K"
              }
            ],
            "master_authorized_networks_config": [],
            "master_version": "1.33.2-gke.1240000",
            "mesh_certificates": [],
            "min_master_version": null,
            "monitoring_config": [
              {
                "advanced_datapath_observability_config": [
                  {
                    "enable_metrics": false,
                    "enable_relay": false,
                    "relay_mode": "DISABLED"
                  }
                ],
                "enable_components": [
                  "SYSTEM_COMPONENTS",
                  "POD",
                  "DAEMONSET",
                  "DEPLOYMENT",
                  "STATEFULSET",
                  "JOBSET",
                  "STORAGE",
                  "HPA",
                  "CADVISOR",
                  "KUBELET",
                  "DCGM"
                ],
                "managed_prometheus": [
                  {
                    "enabled": true
                  }
                ]
              }
            ],
            "monitoring_service": "monitoring.googleapis.com/kubernetes",
            "name": "pr-cluster",
            "network": "projects/sylvan-presence-469109-i5/global/networks/prdr-vpc",
            "network_policy": [
              {
                "enabled": false,
                "provider": "PROVIDER_UNSPECIFIED"
              }
            ],
            "networking_mode": "VPC_NATIVE",
            "node_config": [
              {
                "advanced_machine_features": [],
                "boot_disk_kms_key": "",
                "confidential_nodes": [],
                "containerd_config": [],
                "disk_size_gb": 20,
                "disk_type": "pd-standard",
                "effective_taints": [],
                "enable_confidential_storage": false,
                "ephemeral_storage_local_ssd_config": [],
                "fast_socket": [],
                "gcfs_config": [],
                "guest_accelerator": [],
                "gvnic": [],
                "host_maintenance_policy": [],
                "image_type": "COS_CONTAINERD",
                "kubelet_config": [
                  {
                    "cpu_cfs_quota": false,
                    "cpu_cfs_quota_period": "",
                    "cpu_manager_policy": "",
                    "insecure_kubelet_readonly_port_enabled": "FALSE",
                    "pod_pids_limit": 0
                  }
                ],
                "labels": {
                  "site": "pr"
                },
                "linux_node_config": [],
                "local_nvme_ssd_block_config": [],
                "local_ssd_count": 0,
                "logging_variant": "DEFAULT",
                "machine_type": "e2-standard-2",
                "metadata": {
                  "disable-legacy-endpoints": "true"
                },
                "min_cpu_platform": "",
                "node_group": "",
                "oauth_scopes": [
                  "https://www.googleapis.com/auth/cloud-platform"
                ],
                "preemptible": false,
                "reservation_affinity": [],
                "resource_labels": {
                  "goog-gke-node-pool-provisioning-model": "on-demand"
                },
                "resource_manager_tags": {},
                "secondary_boot_disks": [],
                "service_account": "default",
                "shielded_instance_config": [
                  {
                    "enable_integrity_monitoring": true,
                    "enable_secure_boot": false
                  }
                ],
                "sole_tenant_config": [],
                "spot": false,
                "tags": [],
                "taint": [],
                "workload_metadata_config": []
              }
            ],
            "node_locations": [],
            "node_pool": [
              {
                "autoscaling": [],
                "initial_node_count": 1,
                "instance_group_urls": [
                  "https://www.googleapis.com/compute/v1/projects/sylvan-presence-469109-i5/zones/us-central1-a/instanceGroupManagers/gke-pr-cluster-default-pool-8757f867-grp"
                ],
                "managed_instance_group_urls": [
                  "https://www.googleapis.com/compute/v1/projects/sylvan-presence-469109-i5/zones/us-central1-a/instanceGroups/gke-pr-cluster-default-pool-8757f867-grp"
                ],
                "management": [
                  {
                    "auto_repair": true,
                    "auto_upgrade": true
                  }
                ],
                "max_pods_per_node": 110,
                "name": "default-pool",
                "name_prefix": "",
                "network_config": [
                  {
                    "additional_node_network_configs": [],
                    "additional_pod_network_configs": [],
                    "create_pod_range": false,
                    "enable_private_nodes": false,
                    "network_performance_config": [],
                    "pod_cidr_overprovision_config": [],
                    "pod_ipv4_cidr_block": "10.20.0.0/16",
                    "pod_range": "pods"
                  }
                ],
                "node_config": [
                  {
                    "advanced_machine_features": [],
                    "boot_disk_kms_key": "",
                    "confidential_nodes": [],
                    "containerd_config": [],
                    "disk_size_gb": 20,
                    "disk_type": "pd-standard",
                    "effective_taints": [],
                    "enable_confidential_storage": false,
                    "ephemeral_storage_local_ssd_config": [],
                    "fast_socket": [],
                    "gcfs_config": [],
                    "guest_accelerator": [],
                    "gvnic": [],
                    "host_maintenance_policy": [],
                    "image_type": "COS_CONTAINERD",
                    "kubelet_config": [
                      {
                        "cpu_cfs_quota": false,
                        "cpu_cfs_quota_period": "",
                        "cpu_manager_policy": "",
                        "insecure_kubelet_readonly_port_enabled": "FALSE",
                        "pod_pids_limit": 0
                      }
                    ],
                    "labels": {
                      "site": "pr"
                    },
                    "linux_node_config": [],
                    "local_nvme_ssd_block_config": [],
                    "local_ssd_count": 0,
                    "logging_variant": "DEFAULT",
                    "machine_type": "e2-standard-2",
                    "metadata": {
                      "disable-legacy-endpoints": "true"
                    },
                    "min_cpu_platform": "",
                    "node_group": "",
                    "oauth_scopes": [
                      "https://www.googleapis.com/auth/cloud-platform"
                    ],
                    "preemptible": false,
                    "reservation_affinity": [],
                    "resource_labels": {
                      "goog-gke-node-pool-provisioning-model": "on-demand"
                    },
                    "resource_manager_tags": {},
                    "secondary_boot_disks": [],
                    "service_account": "default",
                    "shielded_instance_config": [
                      {
                        "enable_integrity_monitoring": true,
                        "enable_secure_boot": false
                      }
                    ],
                    "sole_tenant_config": [],
                    "spot": false,
                    "tags": [],
                    "taint": [],
                    "workload_metadata_config": []
                  }
                ],
                "node_count": 1,
                "node_locations": [
                  "us-central1-a"
                ],
                "placement_policy": [],
                "queued_provisioning": [],
                "upgrade_settings": [
                  {
                    "blue_green_settings": [],
                    "max_surge": 1,
                    "max_unavailable": 0,
                    "strategy": "SURGE"
                  }
                ],
                "version": "1.33.2-gke.1240000"
              }
            ],
            "node_pool_auto_config": [
              {
                "network_tags": [],
                "node_kubelet_config": [
                  {
                    "insecure_kubelet_readonly_port_enabled": "FALSE"
                  }
                ],
                "resource_manager_tags": {}
              }
            ],
            "node_pool_defaults": [
              {
                "node_config_defaults": [
                  {
                    "containerd_config": [],
                    "insecure_kubelet_readonly_port_enabled": "FALSE",
                    "logging_variant": "DEFAULT"
                  }
                ]
              }
            ],
            "node_version": "1.33.2-gke.1240000",
            "notification_config": [
              {
                "pubsub": [
                  {
                    "enabled": false,
                    "filter": [],
                    "topic": ""
                  }
                ]
              }
            ],
            "operation": null,
            "private_cluster_config": [
              {
                "enable_private_endpoint": false,
                "enable_private_nodes": false,
                "master_global_access_config": [
                  {
                    "enabled": false
                  }
                ],
                "master_ipv4_cidr_block": "",
                "peering_name": "",
                "private_endpoint": "10.10.0.2",
                "private_endpoint_subnetwork": "",
                "public_endpoint": "34.69.25.146"
              }
            ],
            "private_ipv6_google_access": "",
            "project": "sylvan-presence-469109-i5",
            "release_channel": [
              {
                "channel": "REGULAR"
              }
            ],
            "remove_default_node_pool": false,
            "resource_labels": {},
            "resource_usage_export_config": [],
            "security_posture_config": [
              {
                "mode": "BASIC",
                "vulnerability_mode": "VULNERABILITY_MODE_UNSPECIFIED"
              }
            ],
            "self_link": "https://container.googleapis.com/v1/projects/sylvan-presence-469109-i5/zones/us-central1-a/clusters/pr-cluster",
            "service_external_ips_config": [
              {
                "enabled": false
              }
            ],
            "services_ipv4_cidr": "10.30.0.0/20",
            "subnetwork": "projects/sylvan-presence-469109-i5/regions/us-central1/subnetworks/pr-subnet",
            "timeouts": null,
            "tpu_ipv4_cidr_block": "",
            "vertical_pod_autoscaling": [],
            "workload_identity_config": []
          },
          "sensitive_attributes": [
            [
              {
                "type": "get_attr",
                "value": "master_auth"
              },
              {
                "type": "index",
                "value": {
                  "value": 0,
                  "type": "number"
                }
              },
              {
                "type": "get_attr",
                "value": "client_key"
              }
            ]
          ],
          "private": "eyJlMmJmYjczMC1lY2FhLTExZTYtOGY4OC0zNDM2M2JjN2M0YzAiOnsiY3JlYXRlIjoyNDAwMDAwMDAwMDAwLCJkZWxldGUiOjI0MDAwMDAwMDAwMDAsInJlYWQiOjI0MDAwMDAwMDAwMDAsInVwZGF0ZSI6MzYwMDAwMDAwMDAwMH0sInNjaGVtYV92ZXJzaW9uIjoiMiJ9",
          "dependencies": [
            "google_compute_network.vpc",
            "google_compute_subnetwork.pr",
            "google_project_service.compute",
            "google_project_service.container"
          ]
        }
      ]
    },
    {
      "mode": "managed",
      "type": "google_project_service",
      "name": "compute",
      "provider": "provider[\"registry.terraform.io/hashicorp/google\"]",
      "instances": [
        {
          "schema_version": 0,
          "attributes": {
            "disable_dependent_services": null,
            "disable_on_destroy": false,
            "id": "sylvan-presence-469109-i5/compute.googleapis.com",
            "project": "sylvan-presence-469109-i5",
            "service": "compute.googleapis.com",
            "timeouts": null
          },
          "sensitive_attributes": [],
          "private": "eyJlMmJmYjczMC1lY2FhLTExZTYtOGY4OC0zNDM2M2JjN2M0YzAiOnsiY3JlYXRlIjoxMjAwMDAwMDAwMDAwLCJkZWxldGUiOjEyMDAwMDAwMDAwMDAsInJlYWQiOjYwMDAwMDAwMDAwMCwidXBkYXRlIjoxMjAwMDAwMDAwMDAwfX0="
        }
      ]
    },
    {
      "mode": "managed",
      "type": "google_project_service",
      "name": "container",
      "provider": "provider[\"registry.terraform.io/hashicorp/google\"]",
      "instances": [
        {
          "schema_version": 0,
          "attributes": {
            "disable_dependent_services": null,
            "disable_on_destroy": false,
            "id": "sylvan-presence-469109-i5/container.googleapis.com",
            "project": "sylvan-presence-469109-i5",
            "service": "container.googleapis.com",
            "timeouts": null
          },
          "sensitive_attributes": [],
          "private": "eyJlMmJmYjczMC1lY2FhLTExZTYtOGY4OC0zNDM2M2JjN2M0YzAiOnsiY3JlYXRlIjoxMjAwMDAwMDAwMDAwLCJkZWxldGUiOjEyMDAwMDAwMDAwMDAsInJlYWQiOjYwMDAwMDAwMDAwMCwidXBkYXRlIjoxMjAwMDAwMDAwMDAwfX0="
        }
      ]
    }
  ],
  "check_results": null
}
